# THIS IS AN AUTOGENERATED FILE. DO NOT EDIT THIS FILE DIRECTLY.
# yarn lockfile v1


ansi-regex@^2.0.0:
  version "2.1.1"
  resolved "https://registry.yarnpkg.com/ansi-regex/-/ansi-regex-2.1.1.tgz#c3b33ab5ee360d86e0e628f0468ae7ef27d654df"

ansi-styles@^2.2.1:
  version "2.2.1"
  resolved "https://registry.yarnpkg.com/ansi-styles/-/ansi-styles-2.2.1.tgz#b432dd3358b634cf75e1e4664368240533c1ddbe"

argparse@^1.0.7:
  version "1.0.9"
  resolved "https://registry.yarnpkg.com/argparse/-/argparse-1.0.9.tgz#73d83bc263f86e97f8cc4f6bae1b0e90a7d22c86"
  dependencies:
    sprintf-js "~1.0.2"

array-iterate@^1.0.0:
  version "1.1.0"
  resolved "https://registry.yarnpkg.com/array-iterate/-/array-iterate-1.1.0.tgz#4f13148ffffa5f2756b50460e5eac8eed31a14e6"
  dependencies:
    has "^1.0.1"

babel-code-frame@^6.22.0:
  version "6.22.0"
  resolved "https://registry.yarnpkg.com/babel-code-frame/-/babel-code-frame-6.22.0.tgz#027620bee567a88c32561574e7fd0801d33118e4"
  dependencies:
    chalk "^1.1.0"
    esutils "^2.0.2"
    js-tokens "^3.0.0"

babel-core@^6.24.1:
  version "6.24.1"
  resolved "https://registry.yarnpkg.com/babel-core/-/babel-core-6.24.1.tgz#8c428564dce1e1f41fb337ec34f4c3b022b5ad83"
  dependencies:
    babel-code-frame "^6.22.0"
    babel-generator "^6.24.1"
    babel-helpers "^6.24.1"
    babel-messages "^6.23.0"
    babel-register "^6.24.1"
    babel-runtime "^6.22.0"
    babel-template "^6.24.1"
    babel-traverse "^6.24.1"
    babel-types "^6.24.1"
    babylon "^6.11.0"
    convert-source-map "^1.1.0"
    debug "^2.1.1"
    json5 "^0.5.0"
    lodash "^4.2.0"
    minimatch "^3.0.2"
    path-is-absolute "^1.0.0"
    private "^0.1.6"
    slash "^1.0.0"
    source-map "^0.5.0"

babel-generator@^6.24.1:
  version "6.24.1"
  resolved "https://registry.yarnpkg.com/babel-generator/-/babel-generator-6.24.1.tgz#e715f486c58ded25649d888944d52aa07c5d9497"
  dependencies:
    babel-messages "^6.23.0"
    babel-runtime "^6.22.0"
    babel-types "^6.24.1"
    detect-indent "^4.0.0"
    jsesc "^1.3.0"
    lodash "^4.2.0"
    source-map "^0.5.0"
    trim-right "^1.0.1"

babel-helpers@^6.24.1:
  version "6.24.1"
  resolved "https://registry.yarnpkg.com/babel-helpers/-/babel-helpers-6.24.1.tgz#3471de9caec388e5c850e597e58a26ddf37602b2"
  dependencies:
    babel-runtime "^6.22.0"
    babel-template "^6.24.1"

babel-messages@^6.23.0:
  version "6.23.0"
  resolved "https://registry.yarnpkg.com/babel-messages/-/babel-messages-6.23.0.tgz#f3cdf4703858035b2a2951c6ec5edf6c62f2630e"
  dependencies:
    babel-runtime "^6.22.0"

babel-register@^6.24.1:
  version "6.24.1"
  resolved "https://registry.yarnpkg.com/babel-register/-/babel-register-6.24.1.tgz#7e10e13a2f71065bdfad5a1787ba45bca6ded75f"
  dependencies:
    babel-core "^6.24.1"
    babel-runtime "^6.22.0"
    core-js "^2.4.0"
    home-or-tmp "^2.0.0"
    lodash "^4.2.0"
    mkdirp "^0.5.1"
    source-map-support "^0.4.2"

babel-runtime@^6.22.0:
  version "6.23.0"
  resolved "https://registry.yarnpkg.com/babel-runtime/-/babel-runtime-6.23.0.tgz#0a9489f144de70efb3ce4300accdb329e2fc543b"
  dependencies:
    core-js "^2.4.0"
    regenerator-runtime "^0.10.0"

babel-template@^6.24.1:
  version "6.24.1"
  resolved "https://registry.yarnpkg.com/babel-template/-/babel-template-6.24.1.tgz#04ae514f1f93b3a2537f2a0f60a5a45fb8308333"
  dependencies:
    babel-runtime "^6.22.0"
    babel-traverse "^6.24.1"
    babel-types "^6.24.1"
    babylon "^6.11.0"
    lodash "^4.2.0"

babel-traverse@^6.24.1:
  version "6.24.1"
  resolved "https://registry.yarnpkg.com/babel-traverse/-/babel-traverse-6.24.1.tgz#ab36673fd356f9a0948659e7b338d5feadb31695"
  dependencies:
    babel-code-frame "^6.22.0"
    babel-messages "^6.23.0"
    babel-runtime "^6.22.0"
    babel-types "^6.24.1"
    babylon "^6.15.0"
    debug "^2.2.0"
    globals "^9.0.0"
    invariant "^2.2.0"
    lodash "^4.2.0"

babel-types@^6.24.1:
  version "6.24.1"
  resolved "https://registry.yarnpkg.com/babel-types/-/babel-types-6.24.1.tgz#a136879dc15b3606bda0d90c1fc74304c2ff0975"
  dependencies:
    babel-runtime "^6.22.0"
    esutils "^2.0.2"
    lodash "^4.2.0"
    to-fast-properties "^1.0.1"

babylon@^6.11.0, babylon@^6.15.0:
  version "6.17.2"
  resolved "https://registry.yarnpkg.com/babylon/-/babylon-6.17.2.tgz#201d25ef5f892c41bae49488b08db0dd476e9f5c"

bail@^1.0.0:
  version "1.0.1"
  resolved "https://registry.yarnpkg.com/bail/-/bail-1.0.1.tgz#912579de8b391aadf3c5fdf4cd2a0fc225df3bc2"

balanced-match@^0.4.1:
  version "0.4.2"
  resolved "https://registry.yarnpkg.com/balanced-match/-/balanced-match-0.4.2.tgz#cb3f3e3c732dc0f01ee70b403f302e61d7709838"

boolbase@~1.0.0:
  version "1.0.0"
  resolved "https://registry.yarnpkg.com/boolbase/-/boolbase-1.0.0.tgz#68dff5fbe60c51eb37725ea9e3ed310dcc1e776e"

brace-expansion@^1.1.7:
  version "1.1.7"
  resolved "https://registry.yarnpkg.com/brace-expansion/-/brace-expansion-1.1.7.tgz#3effc3c50e000531fb720eaff80f0ae8ef23cf59"
  dependencies:
    balanced-match "^0.4.1"
    concat-map "0.0.1"

caller-path@^0.1.0:
  version "0.1.0"
  resolved "https://registry.yarnpkg.com/caller-path/-/caller-path-0.1.0.tgz#94085ef63581ecd3daa92444a8fe94e82577751f"
  dependencies:
    callsites "^0.2.0"

callsites@^0.2.0:
  version "0.2.0"
  resolved "https://registry.yarnpkg.com/callsites/-/callsites-0.2.0.tgz#afab96262910a7f33c19a5775825c69f34e350ca"

ccount@^1.0.0:
  version "1.0.1"
  resolved "https://registry.yarnpkg.com/ccount/-/ccount-1.0.1.tgz#665687945168c218ec77ff61a4155ae00227a96c"

cept@^1.0.0:
  version "1.0.1"
  resolved "https://registry.yarnpkg.com/cept/-/cept-1.0.1.tgz#81f0768d5fee1e860c02489f374397fac63989e0"

chalk@^1.0.0, chalk@^1.1.0:
  version "1.1.3"
  resolved "https://registry.yarnpkg.com/chalk/-/chalk-1.1.3.tgz#a8115c55e4a702fe4d150abd3872822a7e09fc98"
  dependencies:
    ansi-styles "^2.2.1"
    escape-string-regexp "^1.0.2"
    has-ansi "^2.0.0"
    strip-ansi "^3.0.0"
    supports-color "^2.0.0"

character-entities-html4@^1.0.0:
  version "1.1.0"
  resolved "https://registry.yarnpkg.com/character-entities-html4/-/character-entities-html4-1.1.0.tgz#1ab08551d3ce1fa1df08d00fb9ca1defb147a06c"

character-entities-legacy@^1.0.0:
  version "1.1.0"
  resolved "https://registry.yarnpkg.com/character-entities-legacy/-/character-entities-legacy-1.1.0.tgz#b18aad98f6b7bcc646c1e4c81f9f1956376a561a"

character-entities@^1.0.0:
  version "1.2.0"
  resolved "https://registry.yarnpkg.com/character-entities/-/character-entities-1.2.0.tgz#a683e2cf75dbe8b171963531364e58e18a1b155f"

character-reference-invalid@^1.0.0:
  version "1.1.0"
  resolved "https://registry.yarnpkg.com/character-reference-invalid/-/character-reference-invalid-1.1.0.tgz#dec9ad1dfb9f8d06b4fcdaa2adc3c4fd97af1e68"

co@3.1.0:
  version "3.1.0"
  resolved "https://registry.yarnpkg.com/co/-/co-3.1.0.tgz#4ea54ea5a08938153185e15210c68d9092bc1b78"

code-point-at@^1.0.0:
  version "1.1.0"
  resolved "https://registry.yarnpkg.com/code-point-at/-/code-point-at-1.1.0.tgz#0d070b4d043a5bea33a2f1a40e2edb3d9a4ccf77"

collapse-white-space@^1.0.0, collapse-white-space@^1.0.2:
  version "1.0.2"
  resolved "https://registry.yarnpkg.com/collapse-white-space/-/collapse-white-space-1.0.2.tgz#9c463fb9c6d190d2dcae21a356a01bcae9eeef6d"

comma-separated-tokens@^1.0.1:
  version "1.0.3"
  resolved "https://registry.yarnpkg.com/comma-separated-tokens/-/comma-separated-tokens-1.0.3.tgz#6eb01f4730bde7a7fce5d5e2d943bdd637272801"
  dependencies:
    trim "0.0.1"

concat-map@0.0.1:
  version "0.0.1"
  resolved "https://registry.yarnpkg.com/concat-map/-/concat-map-0.0.1.tgz#d8a96bd77fd68df7793a73036a3ba0d5405d477b"

convert-source-map@^1.1.0:
  version "1.5.0"
  resolved "https://registry.yarnpkg.com/convert-source-map/-/convert-source-map-1.5.0.tgz#9acd70851c6d5dfdd93d9282e5edf94a03ff46b5"

core-js@^2.4.0:
  version "2.4.1"
  resolved "https://registry.yarnpkg.com/core-js/-/core-js-2.4.1.tgz#4de911e667b0eae9124e34254b53aea6fc618d3e"

css-selector-parser@^1.1.0:
  version "1.3.0"
  resolved "https://registry.yarnpkg.com/css-selector-parser/-/css-selector-parser-1.3.0.tgz#5f1ad43e2d8eefbfdc304fcd39a521664943e3eb"

d@1:
  version "1.0.0"
  resolved "https://registry.yarnpkg.com/d/-/d-1.0.0.tgz#754bb5bfe55451da69a58b94d45f4c5b0462d58f"
  dependencies:
    es5-ext "^0.10.9"

debug@^2.1.1, debug@^2.2.0:
  version "2.6.8"
  resolved "https://registry.yarnpkg.com/debug/-/debug-2.6.8.tgz#e731531ca2ede27d188222427da17821d68ff4fc"
  dependencies:
    ms "2.0.0"

decamelize@^1.0.0:
  version "1.2.0"
  resolved "https://registry.yarnpkg.com/decamelize/-/decamelize-1.2.0.tgz#f6534d15148269b20352e7bee26f501f9a191290"

deep-extend@~0.4.0:
  version "0.4.2"
  resolved "https://registry.yarnpkg.com/deep-extend/-/deep-extend-0.4.2.tgz#48b699c27e334bf89f10892be432f6e4c7d34a7f"

detab@^2.0.0:
  version "2.0.0"
  resolved "https://registry.yarnpkg.com/detab/-/detab-2.0.0.tgz#485bd7954d2348092e998f7ff1a79fd9869d9b50"
  dependencies:
    repeat-string "^1.5.4"

detect-indent@^4.0.0:
  version "4.0.0"
  resolved "https://registry.yarnpkg.com/detect-indent/-/detect-indent-4.0.0.tgz#f76d064352cdf43a1cb6ce619c4ee3a9475de208"
  dependencies:
    repeating "^2.0.0"

emoji-regex@^6.0.0:
  version "6.4.2"
  resolved "https://registry.yarnpkg.com/emoji-regex/-/emoji-regex-6.4.2.tgz#a30b6fee353d406d96cfb9fa765bdc82897eff6e"

es5-ext@^0.10.14, es5-ext@^0.10.9, es5-ext@~0.10.14:
  version "0.10.20"
  resolved "https://registry.yarnpkg.com/es5-ext/-/es5-ext-0.10.20.tgz#72a9b4fd5832797ba1bb65dceb2e25c04241c492"
  dependencies:
    es6-iterator "2"
    es6-symbol "~3.1"

es6-iterator@2, es6-iterator@^2.0.1, es6-iterator@~2.0.1:
  version "2.0.1"
  resolved "https://registry.yarnpkg.com/es6-iterator/-/es6-iterator-2.0.1.tgz#8e319c9f0453bf575d374940a655920e59ca5512"
  dependencies:
    d "1"
    es5-ext "^0.10.14"
    es6-symbol "^3.1"

es6-map@^0.1.3:
  version "0.1.5"
  resolved "https://registry.yarnpkg.com/es6-map/-/es6-map-0.1.5.tgz#9136e0503dcc06a301690f0bb14ff4e364e949f0"
  dependencies:
    d "1"
    es5-ext "~0.10.14"
    es6-iterator "~2.0.1"
    es6-set "~0.1.5"
    es6-symbol "~3.1.1"
    event-emitter "~0.3.5"

es6-set@~0.1.5:
  version "0.1.5"
  resolved "https://registry.yarnpkg.com/es6-set/-/es6-set-0.1.5.tgz#d2b3ec5d4d800ced818db538d28974db0a73ccb1"
  dependencies:
    d "1"
    es5-ext "~0.10.14"
    es6-iterator "~2.0.1"
    es6-symbol "3.1.1"
    event-emitter "~0.3.5"

es6-symbol@3.1.1, es6-symbol@^3.1, es6-symbol@^3.1.1, es6-symbol@~3.1, es6-symbol@~3.1.1:
  version "3.1.1"
  resolved "https://registry.yarnpkg.com/es6-symbol/-/es6-symbol-3.1.1.tgz#bf00ef4fdab6ba1b46ecb7b629b4c7ed5715cc77"
  dependencies:
    d "1"
    es5-ext "~0.10.14"

es6-weak-map@^2.0.1:
  version "2.0.2"
  resolved "https://registry.yarnpkg.com/es6-weak-map/-/es6-weak-map-2.0.2.tgz#5e3ab32251ffd1538a1f8e5ffa1357772f92d96f"
  dependencies:
    d "1"
    es5-ext "^0.10.14"
    es6-iterator "^2.0.1"
    es6-symbol "^3.1.1"

escape-string-regexp@^1.0.2:
  version "1.0.5"
  resolved "https://registry.yarnpkg.com/escape-string-regexp/-/escape-string-regexp-1.0.5.tgz#1b61c0562190a8dff6ae3bb2cf0200ca130b86d4"

esprima@^3.1.1:
  version "3.1.3"
  resolved "https://registry.yarnpkg.com/esprima/-/esprima-3.1.3.tgz#fdca51cee6133895e3c88d535ce49dbff62a4633"

esutils@^2.0.2:
  version "2.0.2"
  resolved "https://registry.yarnpkg.com/esutils/-/esutils-2.0.2.tgz#0abf4f1caa5bcb1f7a9d8acc6dea4faaa04bac9b"

event-emitter@~0.3.5:
  version "0.3.5"
  resolved "https://registry.yarnpkg.com/event-emitter/-/event-emitter-0.3.5.tgz#df8c69eef1647923c7157b9ce83840610b02cc39"
  dependencies:
    d "1"
    es5-ext "~0.10.14"

extend@^3.0.0:
  version "3.0.1"
  resolved "https://registry.yarnpkg.com/extend/-/extend-3.0.1.tgz#a755ea7bc1adfcc5a31ce7e762dbaadc5e636444"

extend@~2.0.0:
  version "2.0.1"
  resolved "https://registry.yarnpkg.com/extend/-/extend-2.0.1.tgz#1ee8010689e7395ff9448241c98652bc759a8260"

flatmap@0.0.3:
  version "0.0.3"
  resolved "https://registry.yarnpkg.com/flatmap/-/flatmap-0.0.3.tgz#1f18a4d938152d495965f9c958d923ab2dd669b4"

function-bind@^1.0.2:
  version "1.1.0"
  resolved "https://registry.yarnpkg.com/function-bind/-/function-bind-1.1.0.tgz#16176714c801798e4e8f2cf7f7529467bb4a5771"

github-slugger@^1.0.0, github-slugger@^1.1.1:
  version "1.1.1"
  resolved "https://registry.yarnpkg.com/github-slugger/-/github-slugger-1.1.1.tgz#5444671f65e5a5a424cfa8ba3255cc1f7baf07ea"
  dependencies:
    emoji-regex "^6.0.0"

github-url-to-object@^2.1.0:
  version "2.2.6"
  resolved "https://registry.yarnpkg.com/github-url-to-object/-/github-url-to-object-2.2.6.tgz#ca9250165149748eeeb30bfcc6000c6fe0d242f7"
  dependencies:
    is-url "^1.1.0"

globals@^9.0.0:
  version "9.17.0"
  resolved "https://registry.yarnpkg.com/globals/-/globals-9.17.0.tgz#0c0ca696d9b9bb694d2e5470bd37777caad50286"

has-ansi@^2.0.0:
  version "2.0.0"
  resolved "https://registry.yarnpkg.com/has-ansi/-/has-ansi-2.0.0.tgz#34f5049ce1ecdf2b0649af3ef24e45ed35416d91"
  dependencies:
    ansi-regex "^2.0.0"

has@^1.0.1:
  version "1.0.1"
  resolved "https://registry.yarnpkg.com/has/-/has-1.0.1.tgz#8461733f538b0837c9361e39a9ab9e9704dc2f28"
  dependencies:
    function-bind "^1.0.2"

hast-util-is-element@^1.0.0:
  version "1.0.0"
  resolved "https://registry.yarnpkg.com/hast-util-is-element/-/hast-util-is-element-1.0.0.tgz#3f7216978b2ae14d98749878782675f33be3ce00"

hast-util-parse-selector@^2.0.0:
  version "2.1.0"
  resolved "https://registry.yarnpkg.com/hast-util-parse-selector/-/hast-util-parse-selector-2.1.0.tgz#b55c0f4bb7bb2040c889c325ef87ab29c38102b4"

hast-util-sanitize@^1.0.0:
  version "1.1.0"
  resolved "https://registry.yarnpkg.com/hast-util-sanitize/-/hast-util-sanitize-1.1.0.tgz#9b4bc3731043fe92e1253a9a4ca7bcc4148d06f2"
  dependencies:
    has "^1.0.1"
    xtend "^4.0.1"

hast-util-to-html@^3.0.0:
  version "3.0.0"
  resolved "https://registry.yarnpkg.com/hast-util-to-html/-/hast-util-to-html-3.0.0.tgz#19a257cd7af464777c1cccf4d2d53d33147466c1"
  dependencies:
    ccount "^1.0.0"
    comma-separated-tokens "^1.0.1"
    has "^1.0.1"
    hast-util-is-element "^1.0.0"
    hast-util-whitespace "^1.0.0"
    html-void-elements "^1.0.0"
    kebab-case "^1.0.0"
    property-information "^3.1.0"
    space-separated-tokens "^1.0.0"
    stringify-entities "^1.0.1"
    unist-util-is "^2.0.0"
    xtend "^4.0.1"

hast-util-whitespace@^1.0.0:
  version "1.0.0"
  resolved "https://registry.yarnpkg.com/hast-util-whitespace/-/hast-util-whitespace-1.0.0.tgz#bd096919625d2936e1ff17bc4df7fd727f17ece9"

home-or-tmp@^2.0.0:
  version "2.0.0"
  resolved "https://registry.yarnpkg.com/home-or-tmp/-/home-or-tmp-2.0.0.tgz#e36c3f2d2cae7d746a857e38d18d5f32a7882db8"
  dependencies:
    os-homedir "^1.0.0"
    os-tmpdir "^1.0.1"

html-void-elements@^1.0.0:
  version "1.0.1"
  resolved "https://registry.yarnpkg.com/html-void-elements/-/html-void-elements-1.0.1.tgz#f929bea267a19e3535950502ca12c159f1b559af"

inherits@^2.0.1:
  version "2.0.3"
  resolved "https://registry.yarnpkg.com/inherits/-/inherits-2.0.3.tgz#633c2c83e3da42a502f52466022480f4208261de"

ini@~1.3.0:
  version "1.3.4"
  resolved "https://registry.yarnpkg.com/ini/-/ini-1.3.4.tgz#0537cb79daf59b59a1a517dff706c86ec039162e"

invariant@^2.2.0:
  version "2.2.2"
  resolved "https://registry.yarnpkg.com/invariant/-/invariant-2.2.2.tgz#9e1f56ac0acdb6bf303306f338be3b204ae60360"
  dependencies:
    loose-envify "^1.0.0"

irregular-plurals@^1.0.0:
  version "1.2.0"
  resolved "https://registry.yarnpkg.com/irregular-plurals/-/irregular-plurals-1.2.0.tgz#38f299834ba8c00c30be9c554e137269752ff3ac"

is-alphabetical@^1.0.0:
  version "1.0.0"
  resolved "https://registry.yarnpkg.com/is-alphabetical/-/is-alphabetical-1.0.0.tgz#e2544c13058255f2144cb757066cd3342a1c8c46"

is-alphanumeric@^1.0.0:
  version "1.0.0"
  resolved "https://registry.yarnpkg.com/is-alphanumeric/-/is-alphanumeric-1.0.0.tgz#4a9cef71daf4c001c1d81d63d140cf53fd6889f4"

is-alphanumerical@^1.0.0:
  version "1.0.0"
  resolved "https://registry.yarnpkg.com/is-alphanumerical/-/is-alphanumerical-1.0.0.tgz#e06492e719c1bf15dec239e4f1af5f67b4d6e7bf"
  dependencies:
    is-alphabetical "^1.0.0"
    is-decimal "^1.0.0"

is-badge@^1.0.0:
  version "1.3.0"
  resolved "https://registry.yarnpkg.com/is-badge/-/is-badge-1.3.0.tgz#da185c9d902f714232f1b2f636e3db01c124a433"

is-buffer@^1.1.4:
  version "1.1.5"
  resolved "https://registry.yarnpkg.com/is-buffer/-/is-buffer-1.1.5.tgz#1f3b26ef613b214b88cbca23cc6c01d87961eecc"

is-decimal@^1.0.0:
  version "1.0.0"
  resolved "https://registry.yarnpkg.com/is-decimal/-/is-decimal-1.0.0.tgz#940579b6ea63c628080a69e62bda88c8470b4fe0"

is-finite@^1.0.0:
  version "1.0.2"
  resolved "https://registry.yarnpkg.com/is-finite/-/is-finite-1.0.2.tgz#cc6677695602be550ef11e8b4aa6305342b6d0aa"
  dependencies:
    number-is-nan "^1.0.0"

is-fullwidth-code-point@^1.0.0:
  version "1.0.0"
  resolved "https://registry.yarnpkg.com/is-fullwidth-code-point/-/is-fullwidth-code-point-1.0.0.tgz#ef9e31386f031a7f0d643af82fde50c457ef00cb"
  dependencies:
    number-is-nan "^1.0.0"

is-hexadecimal@^1.0.0:
  version "1.0.0"
  resolved "https://registry.yarnpkg.com/is-hexadecimal/-/is-hexadecimal-1.0.0.tgz#5c459771d2af9a2e3952781fd54fcb1bcfe4113c"

is-url@^1.1.0:
  version "1.2.2"
  resolved "https://registry.yarnpkg.com/is-url/-/is-url-1.2.2.tgz#498905a593bf47cc2d9e7f738372bbf7696c7f26"

is-whitespace-character@^1.0.0:
  version "1.0.0"
  resolved "https://registry.yarnpkg.com/is-whitespace-character/-/is-whitespace-character-1.0.0.tgz#bbf4a83764ead0d451bec2a55218e91961adc275"

is-word-character@^1.0.0:
  version "1.0.0"
  resolved "https://registry.yarnpkg.com/is-word-character/-/is-word-character-1.0.0.tgz#a3a9e5ddad70c5c2ee36f4a9cfc9a53f44535247"

isarray@0.0.1:
  version "0.0.1"
  resolved "https://registry.yarnpkg.com/isarray/-/isarray-0.0.1.tgz#8a18acfca9a8f4177e09abfc6038939b05d1eedf"

js-tokens@^3.0.0:
  version "3.0.1"
  resolved "https://registry.yarnpkg.com/js-tokens/-/js-tokens-3.0.1.tgz#08e9f132484a2c45a30907e9dc4d5567b7f114d7"

js-yaml@^3.5.2, js-yaml@^3.5.5:
  version "3.8.4"
  resolved "https://registry.yarnpkg.com/js-yaml/-/js-yaml-3.8.4.tgz#520b4564f86573ba96662af85a8cafa7b4b5a6f6"
  dependencies:
    argparse "^1.0.7"
    esprima "^3.1.1"

jsesc@^1.3.0:
  version "1.3.0"
  resolved "https://registry.yarnpkg.com/jsesc/-/jsesc-1.3.0.tgz#46c3fec8c1892b12b0833db9bc7622176dbab34b"

json5@^0.5.0:
  version "0.5.1"
  resolved "https://registry.yarnpkg.com/json5/-/json5-0.5.1.tgz#1eade7acc012034ad84e2396767ead9fa5495821"

kebab-case@^1.0.0:
  version "1.0.0"
  resolved "https://registry.yarnpkg.com/kebab-case/-/kebab-case-1.0.0.tgz#3f9e4990adcad0c686c0e701f7645868f75f91eb"

levenshtein-edit-distance@^1.0.0:
  version "1.0.0"
  resolved "https://registry.yarnpkg.com/levenshtein-edit-distance/-/levenshtein-edit-distance-1.0.0.tgz#895baf478cce8b5c1a0d27e45d7c1d978a661e49"

load-plugin@^2.0.0:
  version "2.1.0"
  resolved "https://registry.yarnpkg.com/load-plugin/-/load-plugin-2.1.0.tgz#5c688c560261997b47dfd0a7361faeb152acf7f5"
  dependencies:
    npm-prefix "^1.2.0"
    resolve-from "^2.0.0"

lodash@^4.2.0:
  version "4.17.4"
  resolved "https://registry.yarnpkg.com/lodash/-/lodash-4.17.4.tgz#78203a4d1c328ae1d86dca6460e369b57f4055ae"

log-symbols@^1.0.2:
  version "1.0.2"
  resolved "https://registry.yarnpkg.com/log-symbols/-/log-symbols-1.0.2.tgz#376ff7b58ea3086a0f09facc74617eca501e1a18"
  dependencies:
    chalk "^1.0.0"

longest-streak@^2.0.1:
  version "2.0.1"
  resolved "https://registry.yarnpkg.com/longest-streak/-/longest-streak-2.0.1.tgz#42d291b5411e40365c00e63193497e2247316e35"

loose-envify@^1.0.0:
  version "1.3.1"
  resolved "https://registry.yarnpkg.com/loose-envify/-/loose-envify-1.3.1.tgz#d1a8ad33fa9ce0e713d65fdd0ac8b748d478c848"
  dependencies:
    js-tokens "^3.0.0"

markdown-escapes@^1.0.0:
  version "1.0.0"
  resolved "https://registry.yarnpkg.com/markdown-escapes/-/markdown-escapes-1.0.0.tgz#c8ca19f1d94d682459e0a93c86db27a7ef716b23"

markdown-table@^1.1.0:
  version "1.1.0"
  resolved "https://registry.yarnpkg.com/markdown-table/-/markdown-table-1.1.0.tgz#1f5ae61659ced8808d882554c32e8b3f38dd1143"

mdast-comment-marker@^1.0.0, mdast-comment-marker@^1.0.1:
  version "1.0.1"
  resolved "https://registry.yarnpkg.com/mdast-comment-marker/-/mdast-comment-marker-1.0.1.tgz#f0f26c33fc5d81e41d9ec36ff4f066bb50d217fb"

mdast-normalize-headings@^0.3.0:
  version "0.3.0"
  resolved "https://registry.yarnpkg.com/mdast-normalize-headings/-/mdast-normalize-headings-0.3.0.tgz#d84583bfb1add4f0b35924558a515afee6f66f75"
  dependencies:
    unist-util-visit "^1.0.0"

mdast-squeeze-paragraphs@^3.0.0:
  version "3.0.1"
  resolved "https://registry.yarnpkg.com/mdast-squeeze-paragraphs/-/mdast-squeeze-paragraphs-3.0.1.tgz#02e57c74a4ab8e12ab41170087c7e22647329cc0"
  dependencies:
    unist-util-remove "^0.2.0"

mdast-util-compact@^1.0.0:
  version "1.0.0"
  resolved "https://registry.yarnpkg.com/mdast-util-compact/-/mdast-util-compact-1.0.0.tgz#4c94dedfe35932d5457f29b650b330fdc73e994a"
  dependencies:
    unist-util-modify-children "^1.0.0"
    unist-util-visit "^1.1.0"

mdast-util-definitions@^1.0.0, mdast-util-definitions@^1.2.0:
  version "1.2.0"
  resolved "https://registry.yarnpkg.com/mdast-util-definitions/-/mdast-util-definitions-1.2.0.tgz#00f67b4289ed36bafc0977b558414ac0c5023b24"
  dependencies:
    has "^1.0.1"
    unist-util-visit "^1.0.0"

mdast-util-heading-range@^2.0.0, mdast-util-heading-range@^2.0.1:
  version "2.0.1"
  resolved "https://registry.yarnpkg.com/mdast-util-heading-range/-/mdast-util-heading-range-2.0.1.tgz#40cbbd131839f142418d421ce1844f2f053380f6"
  dependencies:
    mdast-util-to-string "^1.0.0"

mdast-util-heading-style@^1.0.0:
  version "1.0.2"
  resolved "https://registry.yarnpkg.com/mdast-util-heading-style/-/mdast-util-heading-style-1.0.2.tgz#14b7cf2802881d09af0cfdce42026d6bc584fff1"

mdast-util-inject@^1.1.0:
  version "1.1.0"
  resolved "https://registry.yarnpkg.com/mdast-util-inject/-/mdast-util-inject-1.1.0.tgz#db06b8b585be959a2dcd2f87f472ba9b756f3675"
  dependencies:
    mdast-util-to-string "^1.0.0"

mdast-util-to-hast@^2.1.1:
  version "2.4.0"
  resolved "https://registry.yarnpkg.com/mdast-util-to-hast/-/mdast-util-to-hast-2.4.0.tgz#63ce8e43c61d8e5728954a3515e0c936a3b26cea"
  dependencies:
    collapse-white-space "^1.0.0"
    detab "^2.0.0"
    has "^1.0.1"
    mdast-util-definitions "^1.2.0"
    normalize-uri "^1.0.0"
    trim "0.0.1"
    trim-lines "^1.0.0"
    unist-builder "^1.0.1"
    unist-util-generated "^1.1.0"
    unist-util-position "^3.0.0"
    unist-util-visit "^1.1.0"
    xtend "^4.0.1"

mdast-util-to-string@^1.0.0, mdast-util-to-string@^1.0.1, mdast-util-to-string@^1.0.2:
  version "1.0.2"
  resolved "https://registry.yarnpkg.com/mdast-util-to-string/-/mdast-util-to-string-1.0.2.tgz#dc996a24d2b521178d3fac3993680c03a683e1dd"

mdast-util-toc@^2.0.0:
  version "2.0.1"
  resolved "https://registry.yarnpkg.com/mdast-util-toc/-/mdast-util-toc-2.0.1.tgz#b1d2cb23bfb01f812fa7b55bffe8b0a8bedf6f21"
  dependencies:
    github-slugger "^1.1.1"
    mdast-util-to-string "^1.0.2"
    unist-util-visit "^1.1.0"

mdast-zone@^3.0.0:
  version "3.0.0"
  resolved "https://registry.yarnpkg.com/mdast-zone/-/mdast-zone-3.0.0.tgz#e3518dee47fa1eae8a63c0df58470b8ef2132222"
  dependencies:
    mdast-comment-marker "^1.0.1"
    unist-util-visit "^1.0.0"

minimatch@^3.0.2:
  version "3.0.4"
  resolved "https://registry.yarnpkg.com/minimatch/-/minimatch-3.0.4.tgz#5166e286457f03306064be5497e8dbb0c3d32083"
  dependencies:
    brace-expansion "^1.1.7"

minimist@0.0.8:
  version "0.0.8"
  resolved "https://registry.yarnpkg.com/minimist/-/minimist-0.0.8.tgz#857fcabfc3397d2625b8228262e86aa7a011b05d"

minimist@^1.2.0:
  version "1.2.0"
  resolved "https://registry.yarnpkg.com/minimist/-/minimist-1.2.0.tgz#a35008b20f41383eec1fb914f4cd5df79a264284"

mkdirp@^0.5.1:
  version "0.5.1"
  resolved "https://registry.yarnpkg.com/mkdirp/-/mkdirp-0.5.1.tgz#30057438eac6cf7f8c4767f38648d6697d75c903"
  dependencies:
    minimist "0.0.8"

ms@2.0.0:
  version "2.0.0"
  resolved "https://registry.yarnpkg.com/ms/-/ms-2.0.0.tgz#5608aeadfc00be6c2901df5f9861788de0d597c8"

normalize-uri@^1.0.0:
  version "1.1.0"
  resolved "https://registry.yarnpkg.com/normalize-uri/-/normalize-uri-1.1.0.tgz#01fb440c7fd059b9d9be8645aac14341efd059dd"

npm-prefix@^1.2.0:
  version "1.2.0"
  resolved "https://registry.yarnpkg.com/npm-prefix/-/npm-prefix-1.2.0.tgz#e619455f7074ba54cc66d6d0d37dd9f1be6bcbc0"
  dependencies:
    rc "^1.1.0"
    shellsubstitute "^1.1.0"
    untildify "^2.1.0"

nth-check@^1.0.1:
  version "1.0.1"
  resolved "https://registry.yarnpkg.com/nth-check/-/nth-check-1.0.1.tgz#9929acdf628fc2c41098deab82ac580cf149aae4"
  dependencies:
    boolbase "~1.0.0"

number-is-nan@^1.0.0:
  version "1.0.1"
  resolved "https://registry.yarnpkg.com/number-is-nan/-/number-is-nan-1.0.1.tgz#097b602b53422a522c1afb8790318336941a011d"

object-assign@^4.0.1, object-assign@^4.1.0:
  version "4.1.1"
  resolved "https://registry.yarnpkg.com/object-assign/-/object-assign-4.1.1.tgz#2109adc7965887cfc05cbbd442cac8bfbb360863"

once@^1.3.3:
  version "1.4.0"
  resolved "https://registry.yarnpkg.com/once/-/once-1.4.0.tgz#583b1aa775961d4b113ac17d9c50baef9dd76bd1"
  dependencies:
    wrappy "1"

os-homedir@^1.0.0:
  version "1.0.2"
  resolved "https://registry.yarnpkg.com/os-homedir/-/os-homedir-1.0.2.tgz#ffbc4988336e0e833de0c168c7ef152121aa7fb3"

os-tmpdir@^1.0.1:
  version "1.0.2"
  resolved "https://registry.yarnpkg.com/os-tmpdir/-/os-tmpdir-1.0.2.tgz#bbe67406c79aa85c5cfec766fe5734555dfa1274"

parse-entities@^1.0.2:
  version "1.1.0"
  resolved "https://registry.yarnpkg.com/parse-entities/-/parse-entities-1.1.0.tgz#4bc58f35fdc8e65dded35a12f2e40223ca24a3f7"
  dependencies:
    character-entities "^1.0.0"
    character-entities-legacy "^1.0.0"
    character-reference-invalid "^1.0.0"
    has "^1.0.1"
    is-alphanumerical "^1.0.0"
    is-decimal "^1.0.0"
    is-hexadecimal "^1.0.0"

path-is-absolute@^1.0.0:
  version "1.0.1"
  resolved "https://registry.yarnpkg.com/path-is-absolute/-/path-is-absolute-1.0.1.tgz#174b9268735534ffbc7ace6bf53a5a9e1b5c5f5f"

path-to-regexp@^1.5.3:
  version "1.7.0"
  resolved "https://registry.yarnpkg.com/path-to-regexp/-/path-to-regexp-1.7.0.tgz#59fde0f435badacba103a84e9d3bc64e96b9937d"
  dependencies:
    isarray "0.0.1"

plur@^2.0.0:
  version "2.1.2"
  resolved "https://registry.yarnpkg.com/plur/-/plur-2.1.2.tgz#7482452c1a0f508e3e344eaec312c91c29dc655a"
  dependencies:
    irregular-plurals "^1.0.0"

private@^0.1.6:
  version "0.1.7"
  resolved "https://registry.yarnpkg.com/private/-/private-0.1.7.tgz#68ce5e8a1ef0a23bb570cc28537b5332aba63ef1"

property-information@^3.1.0:
  version "3.1.0"
  resolved "https://registry.yarnpkg.com/property-information/-/property-information-3.1.0.tgz#1581bf8a445dfbfef759775a86700e8dda18b4a1"

propose@0.0.5:
  version "0.0.5"
  resolved "https://registry.yarnpkg.com/propose/-/propose-0.0.5.tgz#48a065d9ec7d4c8667f4050b15c4a2d85dbca56b"
  dependencies:
    levenshtein-edit-distance "^1.0.0"

rc@^1.1.0:
  version "1.2.1"
  resolved "https://registry.yarnpkg.com/rc/-/rc-1.2.1.tgz#2e03e8e42ee450b8cb3dce65be1bf8974e1dfd95"
  dependencies:
    deep-extend "~0.4.0"
    ini "~1.3.0"
    minimist "^1.2.0"
    strip-json-comments "~2.0.1"

regenerator-runtime@^0.10.0:
  version "0.10.5"
  resolved "https://registry.yarnpkg.com/regenerator-runtime/-/regenerator-runtime-0.10.5.tgz#336c3efc1220adcedda2c9fab67b5a7955a33658"

remark-autolink-headings@^4.0.0:
  version "4.0.0"
  resolved "https://registry.yarnpkg.com/remark-autolink-headings/-/remark-autolink-headings-4.0.0.tgz#1edabab6636e8cb26a36bf4c06caaec28355d3fc"
  dependencies:
    unist-util-visit "^1.0.1"

remark-comment-blocks@^2.0.1:
  version "2.0.1"
  resolved "https://registry.yarnpkg.com/remark-comment-blocks/-/remark-comment-blocks-2.0.1.tgz#fc79ab113b264ecdc4d006e2c92882e26ed3b0f5"
  dependencies:
    trim-right "^1.0.1"

remark-comment-config@^4.0.1:
  version "4.0.2"
  resolved "https://registry.yarnpkg.com/remark-comment-config/-/remark-comment-config-4.0.2.tgz#b5d56bf22aaaf5d5d0f636191bc87b8071169add"
  dependencies:
    mdast-comment-marker "^1.0.1"

remark-contributors@^2.0.0:
  version "2.0.0"
  resolved "https://registry.yarnpkg.com/remark-contributors/-/remark-contributors-2.0.0.tgz#cbe01536b86cfdb208a5e35ce4b7c0fca01de524"
  dependencies:
    mdast-util-to-string "^1.0.0"

remark-github@^6.0.1:
  version "6.0.1"
  resolved "https://registry.yarnpkg.com/remark-github/-/remark-github-6.0.1.tgz#f61a1b6d6d4b65147b95758a7df3247512b68031"
  dependencies:
    has "^1.0.1"
    is-alphabetical "^1.0.0"
    is-decimal "^1.0.0"
    is-hexadecimal "^1.0.0"
    mdast-util-to-string "^1.0.1"
    unist-util-visit "^1.0.0"

remark-html@^5.0.0:
  version "5.2.0"
  resolved "https://registry.yarnpkg.com/remark-html/-/remark-html-5.2.0.tgz#c67151f1168354b73b1c3650e678c398267785f6"
  dependencies:
    hast-util-sanitize "^1.0.0"
    hast-util-to-html "^3.0.0"
    mdast-util-to-hast "^2.1.1"
    xtend "^4.0.1"

remark-license@^2.0.1:
  version "2.0.1"
  resolved "https://registry.yarnpkg.com/remark-license/-/remark-license-2.0.1.tgz#47f893946d9dc31347122d33378000c832d07439"
  dependencies:
    mdast-util-heading-range "^2.0.0"

remark-lint@^5.4.0:
  version "5.4.0"
  resolved "https://registry.yarnpkg.com/remark-lint/-/remark-lint-5.4.0.tgz#6e7c77b90844ad1931761c62af9d65ab46e6734a"
  dependencies:
    decamelize "^1.0.0"
    load-plugin "^2.0.0"
    mdast-util-heading-style "^1.0.0"
    mdast-util-to-string "^1.0.0"
    plur "^2.0.0"
    remark-message-control "^2.0.0"
    trough "^1.0.0"
    unist-util-generated "^1.1.0"
    unist-util-position "^3.0.0"
    unist-util-visit "^1.0.0"
    vfile-location "^2.0.0"
    vfile-sort "^2.0.0"
    wrapped "^1.0.1"

remark-message-control@^2.0.0:
  version "2.0.3"
  resolved "https://registry.yarnpkg.com/remark-message-control/-/remark-message-control-2.0.3.tgz#b9278fae0b118ee24679821c7c02ea9ba2a682c4"
  dependencies:
    mdast-comment-marker "^1.0.0"
    trim "0.0.1"
    unist-util-visit "^1.0.0"
    vfile-location "^2.0.0"

remark-normalize-headings@^0.3.0:
  version "0.3.0"
  resolved "https://registry.yarnpkg.com/remark-normalize-headings/-/remark-normalize-headings-0.3.0.tgz#a386d5de4a295356f193d4120c05f197c5a16616"
  dependencies:
    mdast-normalize-headings "^0.3.0"

remark-parse@^2.0.1, remark-parse@^2.2.0:
  version "2.3.0"
  resolved "https://registry.yarnpkg.com/remark-parse/-/remark-parse-2.3.0.tgz#ced58bfbef9999374f9ff33fbc2e63fe2b0c5c37"
  dependencies:
    collapse-white-space "^1.0.2"
    has "^1.0.1"
    is-alphabetical "^1.0.0"
    is-decimal "^1.0.0"
    is-whitespace-character "^1.0.0"
    is-word-character "^1.0.0"
    markdown-escapes "^1.0.0"
    parse-entities "^1.0.2"
    repeat-string "^1.5.4"
    state-toggle "^1.0.0"
    trim "0.0.1"
    trim-trailing-lines "^1.0.0"
    unherit "^1.0.4"
    unist-util-remove-position "^1.0.0"
    vfile-location "^2.0.0"
    xtend "^4.0.1"

remark-slug@^4.0.0, remark-slug@^4.2.0, remark-slug@^4.2.1:
  version "4.2.2"
  resolved "https://registry.yarnpkg.com/remark-slug/-/remark-slug-4.2.2.tgz#3cfaa02e2e24d98405b296072f2ebbdfad279eb6"
  dependencies:
    github-slugger "^1.0.0"
    mdast-util-to-string "^1.0.0"
    unist-util-visit "^1.0.0"

remark-squeeze-paragraphs@^3.0.0:
  version "3.0.0"
  resolved "https://registry.yarnpkg.com/remark-squeeze-paragraphs/-/remark-squeeze-paragraphs-3.0.0.tgz#9cba385ebae06b19508b071916553a45368df7da"
  dependencies:
    mdast-squeeze-paragraphs "^3.0.0"

remark-stringify@^2.2.0, remark-stringify@^2.3.0:
  version "2.4.0"
  resolved "https://registry.yarnpkg.com/remark-stringify/-/remark-stringify-2.4.0.tgz#38dd286153139a082e9d9f17e2d49919792cec2f"
  dependencies:
    ccount "^1.0.0"
    is-alphanumeric "^1.0.0"
    is-decimal "^1.0.0"
    is-whitespace-character "^1.0.0"
    longest-streak "^2.0.1"
    markdown-escapes "^1.0.0"
    markdown-table "^1.1.0"
    mdast-util-compact "^1.0.0"
    parse-entities "^1.0.2"
    repeat-string "^1.5.4"
    state-toggle "^1.0.0"
    stringify-entities "^1.0.1"
    unherit "^1.0.4"
    xtend "^4.0.1"

remark-strip-badges@^3.0.2:
  version "3.0.2"
  resolved "https://registry.yarnpkg.com/remark-strip-badges/-/remark-strip-badges-3.0.2.tgz#e8410391181fc5e43284e3a6383c50dc9226e39a"
  dependencies:
    is-badge "^1.0.0"
    mdast-util-definitions "^1.0.0"
    unist-util-visit "^1.0.0"

remark-toc@^3.1.0:
  version "3.1.0"
  resolved "https://registry.yarnpkg.com/remark-toc/-/remark-toc-3.1.0.tgz#fa978107005d868753001134b39690dcb2e3eb62"
  dependencies:
    mdast-util-toc "^2.0.0"
    remark-slug "^4.0.0"

remark-usage@^4.0.1:
  version "4.0.1"
  resolved "https://registry.yarnpkg.com/remark-usage/-/remark-usage-4.0.1.tgz#e2bd2c9d43276ad71a8abd6f0df291a29f18d48d"
  dependencies:
    cept "^1.0.0"
    mdast-util-heading-range "^2.0.0"
    require-uncached "^1.0.2"
    trim-trailing-lines "^1.0.0"
    unquote "^1.1.0"

remark-validate-links@^5.0.0:
  version "5.0.0"
  resolved "https://registry.yarnpkg.com/remark-validate-links/-/remark-validate-links-5.0.0.tgz#2911e1f6eec1bc56d58907f892050f2c5a1cd18f"
  dependencies:
    github-url-to-object "^2.1.0"
    mdast-util-definitions "^1.0.0"
    propose "0.0.5"
    remark-slug "^4.2.1"
    unist-util-visit "^1.0.0"
    urljoin "^0.1.5"
    xtend "^4.0.1"

remark-yaml-annotations@^1.0.2:
  version "1.0.2"
  resolved "https://registry.yarnpkg.com/remark-yaml-annotations/-/remark-yaml-annotations-1.0.2.tgz#89a966905aff6fa24161345a3f15dfed67e697ef"
  dependencies:
    js-yaml "^3.5.5"
    object-assign "^4.0.1"

remark-yaml-config@^3.0.2:
  version "3.0.2"
  resolved "https://registry.yarnpkg.com/remark-yaml-config/-/remark-yaml-config-3.0.2.tgz#c63d26b740994ded93a7777a96e5985e95147283"
  dependencies:
    js-yaml "^3.5.2"

remark@^6.2.0:
  version "6.2.0"
  resolved "https://registry.yarnpkg.com/remark/-/remark-6.2.0.tgz#0c72614a095c7665494611f9472c32b9e032dcf9"
  dependencies:
    load-plugin "^2.0.0"
    remark-parse "^2.2.0"
    remark-stringify "^2.2.0"
    unified "^5.0.0"

repeat-string@^1.5.0, repeat-string@^1.5.4:
  version "1.6.1"
  resolved "https://registry.yarnpkg.com/repeat-string/-/repeat-string-1.6.1.tgz#8dcae470e1c88abc2d600fff4a776286da75e637"

repeating@^2.0.0:
  version "2.0.1"
  resolved "https://registry.yarnpkg.com/repeating/-/repeating-2.0.1.tgz#5214c53a926d3552707527fbab415dbc08d06dda"
  dependencies:
    is-finite "^1.0.0"

replace-ext@1.0.0:
  version "1.0.0"
  resolved "https://registry.yarnpkg.com/replace-ext/-/replace-ext-1.0.0.tgz#de63128373fcbf7c3ccfa4de5a480c45a67958eb"

require-uncached@^1.0.2:
  version "1.0.3"
  resolved "https://registry.yarnpkg.com/require-uncached/-/require-uncached-1.0.3.tgz#4e0d56d6c9662fd31e43011c4b95aa49955421d3"
  dependencies:
    caller-path "^0.1.0"
    resolve-from "^1.0.0"

resolve-from@^1.0.0:
  version "1.0.1"
  resolved "https://registry.yarnpkg.com/resolve-from/-/resolve-from-1.0.1.tgz#26cbfe935d1aeeeabb29bc3fe5aeb01e93d44226"

resolve-from@^2.0.0:
  version "2.0.0"
  resolved "https://registry.yarnpkg.com/resolve-from/-/resolve-from-2.0.0.tgz#9480ab20e94ffa1d9e80a804c7ea147611966b57"

shellsubstitute@^1.1.0:
  version "1.2.0"
  resolved "https://registry.yarnpkg.com/shellsubstitute/-/shellsubstitute-1.2.0.tgz#e4f702a50c518b0f6fe98451890d705af29b6b70"

skypager-document-types-babel@27.0.1:
  version "27.0.1"
  resolved "https://registry.yarnpkg.com/skypager-document-types-babel/-/skypager-document-types-babel-27.0.1.tgz#cec12db2b1ddcb656c08af2d2e5652e9af7e0ed5"
  dependencies:
    babel-core "^6.24.1"

slash@^1.0.0:
  version "1.0.0"
  resolved "https://registry.yarnpkg.com/slash/-/slash-1.0.0.tgz#c41f2f6c39fc16d1cd17ad4b5d896114ae470d55"

sliced@^1.0.1:
  version "1.0.1"
  resolved "https://registry.yarnpkg.com/sliced/-/sliced-1.0.1.tgz#0b3a662b5d04c3177b1926bea82b03f837a2ef41"

source-map-support@^0.4.2:
  version "0.4.15"
  resolved "https://registry.yarnpkg.com/source-map-support/-/source-map-support-0.4.15.tgz#03202df65c06d2bd8c7ec2362a193056fef8d3b1"
  dependencies:
    source-map "^0.5.6"

source-map@^0.5.0, source-map@^0.5.6:
  version "0.5.6"
  resolved "https://registry.yarnpkg.com/source-map/-/source-map-0.5.6.tgz#75ce38f52bf0733c5a7f0c118d81334a2bb5f412"

space-separated-tokens@^1.0.0:
  version "1.1.0"
  resolved "https://registry.yarnpkg.com/space-separated-tokens/-/space-separated-tokens-1.1.0.tgz#9e8c60407aa527742cd9eaee2541dec639f1269b"
  dependencies:
    trim "0.0.1"

sprintf-js@~1.0.2:
  version "1.0.3"
  resolved "https://registry.yarnpkg.com/sprintf-js/-/sprintf-js-1.0.3.tgz#04e6926f662895354f3dd015203633b857297e2c"

state-toggle@^1.0.0:
  version "1.0.0"
  resolved "https://registry.yarnpkg.com/state-toggle/-/state-toggle-1.0.0.tgz#d20f9a616bb4f0c3b98b91922d25b640aa2bc425"

string-width@^1.0.0:
  version "1.0.2"
  resolved "https://registry.yarnpkg.com/string-width/-/string-width-1.0.2.tgz#118bdf5b8cdc51a2a7e70d211e07e2b0b9b107d3"
  dependencies:
    code-point-at "^1.0.0"
    is-fullwidth-code-point "^1.0.0"
    strip-ansi "^3.0.0"

stringify-entities@^1.0.1:
  version "1.3.0"
  resolved "https://registry.yarnpkg.com/stringify-entities/-/stringify-entities-1.3.0.tgz#2244a516c4f1e8e01b73dad01023016776abd917"
  dependencies:
    character-entities-html4 "^1.0.0"
    character-entities-legacy "^1.0.0"
    has "^1.0.1"
    is-alphanumerical "^1.0.0"
    is-hexadecimal "^1.0.0"

strip-ansi@^3.0.0, strip-ansi@^3.0.1:
  version "3.0.1"
  resolved "https://registry.yarnpkg.com/strip-ansi/-/strip-ansi-3.0.1.tgz#6a385fb8853d952d5ff05d0e8aaf94278dc63dcf"
  dependencies:
    ansi-regex "^2.0.0"

strip-json-comments@~2.0.1:
  version "2.0.1"
  resolved "https://registry.yarnpkg.com/strip-json-comments/-/strip-json-comments-2.0.1.tgz#3c531942e908c2697c0ec344858c286c7ca0a60a"

supports-color@^2.0.0:
  version "2.0.0"
  resolved "https://registry.yarnpkg.com/supports-color/-/supports-color-2.0.0.tgz#535d045ce6b6363fa40117084629995e9df324c7"

to-fast-properties@^1.0.1:
  version "1.0.3"
  resolved "https://registry.yarnpkg.com/to-fast-properties/-/to-fast-properties-1.0.3.tgz#b83571fa4d8c25b82e231b06e3a3055de4ca1a47"

trim-lines@^1.0.0:
  version "1.1.0"
  resolved "https://registry.yarnpkg.com/trim-lines/-/trim-lines-1.1.0.tgz#9926d03ede13ba18f7d42222631fb04c79ff26fe"

trim-right@^1.0.1:
  version "1.0.1"
  resolved "https://registry.yarnpkg.com/trim-right/-/trim-right-1.0.1.tgz#cb2e1203067e0c8de1f614094b9fe45704ea6003"

trim-trailing-lines@^1.0.0:
  version "1.1.0"
  resolved "https://registry.yarnpkg.com/trim-trailing-lines/-/trim-trailing-lines-1.1.0.tgz#7aefbb7808df9d669f6da2e438cac8c46ada7684"

trim@0.0.1:
  version "0.0.1"
  resolved "https://registry.yarnpkg.com/trim/-/trim-0.0.1.tgz#5858547f6b290757ee95cccc666fb50084c460dd"

trough@^1.0.0:
  version "1.0.0"
  resolved "https://registry.yarnpkg.com/trough/-/trough-1.0.0.tgz#6bdedfe7f2aa49a6f3c432257687555957f342fd"

unherit@^1.0.4:
  version "1.1.0"
  resolved "https://registry.yarnpkg.com/unherit/-/unherit-1.1.0.tgz#6b9aaedfbf73df1756ad9e316dd981885840cd7d"
  dependencies:
    inherits "^2.0.1"
    xtend "^4.0.1"

unified@^5.0.0:
  version "5.1.0"
  resolved "https://registry.yarnpkg.com/unified/-/unified-5.1.0.tgz#61268da9b91ce925be1f3d198c0278b0e9716094"
  dependencies:
    bail "^1.0.0"
    extend "^3.0.0"
    has "^1.0.1"
    is-buffer "^1.1.4"
    once "^1.3.3"
    trough "^1.0.0"
    vfile "^2.0.0"
    x-is-string "^0.1.0"

unist-builder@^1.0.1:
  version "1.0.2"
  resolved "https://registry.yarnpkg.com/unist-builder/-/unist-builder-1.0.2.tgz#8c3b9903ef64bcfb117dd7cf6a5d98fc1b3b27b6"
  dependencies:
    object-assign "^4.1.0"

unist-util-filter@^0.2.1:
  version "0.2.1"
  resolved "https://registry.yarnpkg.com/unist-util-filter/-/unist-util-filter-0.2.1.tgz#e2f7876828903a6a9308e362051f86b14f35b545"
  dependencies:
    flatmap "0.0.3"
    unist-util-is "^1.0.0"

unist-util-find-after@^2.0.0:
  version "2.0.0"
  resolved "https://registry.yarnpkg.com/unist-util-find-after/-/unist-util-find-after-2.0.0.tgz#235bfdd11e10809f48035ff598d8624eafcdec61"
  dependencies:
    unist-util-is "^2.0.0"

unist-util-find-all-after@^1.0.0:
  version "1.0.0"
  resolved "https://registry.yarnpkg.com/unist-util-find-all-after/-/unist-util-find-all-after-1.0.0.tgz#891f8479c0dca59caf75e177bef0b36f6a8bdacf"
  dependencies:
    unist-util-is "^1.0.0"

unist-util-find-all-before@^2.0.0:
  version "2.0.0"
  resolved "https://registry.yarnpkg.com/unist-util-find-all-before/-/unist-util-find-all-before-2.0.0.tgz#6f472a587a1f1988cb533488aab3ec28457acd72"
  dependencies:
    unist-util-is "^2.0.0"

unist-util-generated@^1.1.0:
  version "1.1.0"
  resolved "https://registry.yarnpkg.com/unist-util-generated/-/unist-util-generated-1.1.0.tgz#8c95657ff12b32eaffe0731fbb37da6995fae01b"

unist-util-index@^0.1.0:
  version "0.1.0"
  resolved "https://registry.yarnpkg.com/unist-util-index/-/unist-util-index-0.1.0.tgz#c264c981e88ed5a8b8d7712bea4b685b6e647120"
  dependencies:
    es6-map "^0.1.3"
    unist-util-is "^1.0.0"

unist-util-is@^1.0.0:
  version "1.0.0"
  resolved "https://registry.yarnpkg.com/unist-util-is/-/unist-util-is-1.0.0.tgz#4c7b3c5c0f6aa963640056fe4af7b5fcfdbb8ef0"

unist-util-is@^2.0.0:
  version "2.0.0"
  resolved "https://registry.yarnpkg.com/unist-util-is/-/unist-util-is-2.0.0.tgz#e536472c4f78739e164d0859fc3201b97cf46e7c"

unist-util-map@^1.0.2:
  version "1.0.3"
  resolved "https://registry.yarnpkg.com/unist-util-map/-/unist-util-map-1.0.3.tgz#26a913d7cddb3cd3e9a886d135d37a3d1f54e514"
  dependencies:
    object-assign "^4.0.1"

unist-util-modify-children@^1.0.0:
  version "1.1.0"
  resolved "https://registry.yarnpkg.com/unist-util-modify-children/-/unist-util-modify-children-1.1.0.tgz#559203ae85d7a76283277be1abfbaf595a177ead"
  dependencies:
    array-iterate "^1.0.0"

unist-util-parents@^0.1.2:
  version "0.1.2"
  resolved "https://registry.yarnpkg.com/unist-util-parents/-/unist-util-parents-0.1.2.tgz#de012e1e0f0bd814725d5158d0933c9c66262a9a"
  dependencies:
    es6-weak-map "^2.0.1"

unist-util-position@^3.0.0:
  version "3.0.0"
  resolved "https://registry.yarnpkg.com/unist-util-position/-/unist-util-position-3.0.0.tgz#e6e1e03eeeb81c5e1afe553e8d4adfbd7c0d8f82"

unist-util-remove-position@^1.0.0, unist-util-remove-position@^1.1.0:
  version "1.1.0"
  resolved "https://registry.yarnpkg.com/unist-util-remove-position/-/unist-util-remove-position-1.1.0.tgz#2444fedc344bc5f540dab6353e013b6d78101dc2"
  dependencies:
    unist-util-visit "^1.1.0"

unist-util-remove@^0.2.0:
  version "0.2.1"
  resolved "https://registry.yarnpkg.com/unist-util-remove/-/unist-util-remove-0.2.1.tgz#a40414361db3c19ac3da021f111e05d299db75d0"
  dependencies:
    unist-util-is "^1.0.0"

unist-util-select@^1.5.0:
  version "1.5.0"
  resolved "https://registry.yarnpkg.com/unist-util-select/-/unist-util-select-1.5.0.tgz#a93c2be8c0f653827803b81331adec2aa24cd933"
  dependencies:
    css-selector-parser "^1.1.0"
    debug "^2.2.0"
    nth-check "^1.0.1"

unist-util-source@^1.0.1:
  version "1.0.1"
  resolved "https://registry.yarnpkg.com/unist-util-source/-/unist-util-source-1.0.1.tgz#989fb50f8c8508d4cdd629162a38f06d7e08cc29"
  dependencies:
    vfile-location "^2.0.1"

unist-util-stringify-position@^1.0.0:
  version "1.1.0"
  resolved "https://registry.yarnpkg.com/unist-util-stringify-position/-/unist-util-stringify-position-1.1.0.tgz#e8ba9d6b6af891b5f8336b3a31c63a9dc85c2af0"
  dependencies:
    has "^1.0.1"

unist-util-visit@^1.0.0, unist-util-visit@^1.0.1, unist-util-visit@^1.1.0:
  version "1.1.1"
  resolved "https://registry.yarnpkg.com/unist-util-visit/-/unist-util-visit-1.1.1.tgz#e917a3b137658b335cb4420c7da2e74d928e4e94"

unquote@^1.1.0:
  version "1.1.0"
  resolved "https://registry.yarnpkg.com/unquote/-/unquote-1.1.0.tgz#98e1fc608b6b854c75afb1b95afc099ba69d942f"

untildify@^2.1.0:
  version "2.1.0"
  resolved "https://registry.yarnpkg.com/untildify/-/untildify-2.1.0.tgz#17eb2807987f76952e9c0485fc311d06a826a2e0"
  dependencies:
    os-homedir "^1.0.0"

urljoin@^0.1.5:
  version "0.1.5"
  resolved "https://registry.yarnpkg.com/urljoin/-/urljoin-0.1.5.tgz#b25d2c6112c55ac9d50096a49a0f1fb7f4f53921"
  dependencies:
    extend "~2.0.0"

vfile-location@^2.0.0, vfile-location@^2.0.1:
  version "2.0.1"
  resolved "https://registry.yarnpkg.com/vfile-location/-/vfile-location-2.0.1.tgz#0bf8816f732b0f8bd902a56fda4c62c8e935dc52"

vfile-reporter@^3.0.0:
  version "3.0.0"
  resolved "https://registry.yarnpkg.com/vfile-reporter/-/vfile-reporter-3.0.0.tgz#fe50714e373e0d2940510038a99bd609bdc8209f"
  dependencies:
    chalk "^1.1.0"
    log-symbols "^1.0.2"
    plur "^2.0.0"
    repeat-string "^1.5.0"
    string-width "^1.0.0"
    strip-ansi "^3.0.1"
    trim "0.0.1"
    unist-util-stringify-position "^1.0.0"

vfile-sort@^2.0.0:
  version "2.0.0"
  resolved "https://registry.yarnpkg.com/vfile-sort/-/vfile-sort-2.0.0.tgz#7279458d111a9ba3b18effd9f8a0169bb7c5112b"

vfile@^2.0.0:
  version "2.0.1"
  resolved "https://registry.yarnpkg.com/vfile/-/vfile-2.0.1.tgz#bd48e68e8a2322dff0d162a37f45e70d9bb30466"
  dependencies:
    has "^1.0.1"
    is-buffer "^1.1.4"
    replace-ext "1.0.0"
    unist-util-stringify-position "^1.0.0"
    x-is-string "^0.1.0"

wrapped@^1.0.1:
  version "1.0.1"
  resolved "https://registry.yarnpkg.com/wrapped/-/wrapped-1.0.1.tgz#c783d9d807b273e9b01e851680a938c87c907242"
  dependencies:
    co "3.1.0"
    sliced "^1.0.1"

wrappy@1:
  version "1.0.2"
  resolved "https://registry.yarnpkg.com/wrappy/-/wrappy-1.0.2.tgz#b5243d8f3ec1aa35f1364605bc0d1036e30ab69f"

x-is-string@^0.1.0:
  version "0.1.0"
  resolved "https://registry.yarnpkg.com/x-is-string/-/x-is-string-0.1.0.tgz#474b50865af3a49a9c4657f05acd145458f77d82"

xtend@^4.0.1:
  version "4.0.1"
  resolved "https://registry.yarnpkg.com/xtend/-/xtend-4.0.1.tgz#a5c6d532be656e23db820efb943a1f04998d63af"
