# THIS IS AN AUTOGENERATED FILE. DO NOT EDIT THIS FILE DIRECTLY.
# yarn lockfile v1


babel-polyfill@^6.26.0:
  version "6.26.0"
  resolved "https://registry.yarnpkg.com/babel-polyfill/-/babel-polyfill-6.26.0.tgz#379937abc67d7895970adc621f284cd966cf2153"
  dependencies:
    babel-runtime "^6.26.0"
    core-js "^2.5.0"
    regenerator-runtime "^0.10.5"

babel-runtime@^6.23.0, babel-runtime@^6.26.0:
  version "6.26.0"
  resolved "https://registry.yarnpkg.com/babel-runtime/-/babel-runtime-6.26.0.tgz#965c7058668e82b55d7bfe04ff2337bc8b5647fe"
  dependencies:
    core-js "^2.4.0"
    regenerator-runtime "^0.11.0"

buffer-alloc-unsafe@^0.1.0:
  version "0.1.1"
  resolved "https://registry.yarnpkg.com/buffer-alloc-unsafe/-/buffer-alloc-unsafe-0.1.1.tgz#ffe1f67551dd055737de253337bfe853dfab1a6a"

buffer-alloc@^1.1.0:
  version "1.1.0"
  resolved "https://registry.yarnpkg.com/buffer-alloc/-/buffer-alloc-1.1.0.tgz#05514d33bf1656d3540c684f65b1202e90eca303"
  dependencies:
    buffer-alloc-unsafe "^0.1.0"
    buffer-fill "^0.1.0"

buffer-fill@^0.1.0:
  version "0.1.0"
  resolved "https://registry.yarnpkg.com/buffer-fill/-/buffer-fill-0.1.0.tgz#ca9470e8d4d1b977fd7543f4e2ab6a7dc95101a8"

core-js@^2.4.0, core-js@^2.5.0:
  version "2.5.3"
  resolved "https://registry.yarnpkg.com/core-js/-/core-js-2.5.3.tgz#8acc38345824f16d8365b7c9b4259168e8ed603e"

isomorphic-vm@0.0.1:
  version "0.0.1"
  resolved "https://registry.yarnpkg.com/isomorphic-vm/-/isomorphic-vm-0.0.1.tgz#8509311c47a5d0f1462a3de3fac280920f2aa143"

lodash@^4.17.4:
  version "4.17.4"
  resolved "https://registry.yarnpkg.com/lodash/-/lodash-4.17.4.tgz#78203a4d1c328ae1d86dca6460e369b57f4055ae"

md5-file@^3.2.3:
  version "3.2.3"
  resolved "https://registry.yarnpkg.com/md5-file/-/md5-file-3.2.3.tgz#f9bceb941eca2214a4c0727f5e700314e770f06f"
  dependencies:
    buffer-alloc "^1.1.0"

mobx@3.3.1:
  version "3.3.1"
  resolved "https://registry.yarnpkg.com/mobx/-/mobx-3.3.1.tgz#c38fc1a287a0dda3f5d4b85efe1137fedd9dcdf0"

regenerator-runtime@^0.10.5:
  version "0.10.5"
  resolved "https://registry.yarnpkg.com/regenerator-runtime/-/regenerator-runtime-0.10.5.tgz#336c3efc1220adcedda2c9fab67b5a7955a33658"

regenerator-runtime@^0.11.0:
  version "0.11.1"
  resolved "https://registry.yarnpkg.com/regenerator-runtime/-/regenerator-runtime-0.11.1.tgz#be05ad7f9bf7d22e056f9726cee5017fbf19e2e9"

skypager-runtime@^39.3.0:
  version "39.3.0"
  resolved "https://registry.yarnpkg.com/skypager-runtime/-/skypager-runtime-39.3.0.tgz#7dc2d9dc227ca098129005d0c8a589f67b4495c7"
  dependencies:
    babel-polyfill "^6.26.0"
    babel-runtime "^6.23.0"
    isomorphic-vm "0.0.1"
    lodash "^4.17.4"
    mobx "3.3.1"
    uuid "^3.0.1"

uuid@^3.0.1:
  version "3.2.1"
  resolved "https://registry.yarnpkg.com/uuid/-/uuid-3.2.1.tgz#12c528bb9d58d0b9265d9a2f6f0fe8be17ff1f14"
