# THIS IS AN AUTOGENERATED FILE. DO NOT EDIT THIS FILE DIRECTLY.
# yarn lockfile v1


"@types/express-serve-static-core@*":
  version "4.0.49"
  resolved "https://registry.yarnpkg.com/@types/express-serve-static-core/-/express-serve-static-core-4.0.49.tgz#3438d68d26e39db934ba941f18e3862a1beeb722"
  dependencies:
    "@types/node" "*"

"@types/express@^4.0.35":
  version "4.0.36"
  resolved "https://registry.yarnpkg.com/@types/express/-/express-4.0.36.tgz#14eb47de7ecb10319f0a2fb1cf971aa8680758c2"
  dependencies:
    "@types/express-serve-static-core" "*"
    "@types/serve-static" "*"

"@types/graphql@^0.9.0", "@types/graphql@^0.9.1":
  version "0.9.4"
  resolved "https://registry.yarnpkg.com/@types/graphql/-/graphql-0.9.4.tgz#cdeb6bcbef9b6c584374b81aa7f48ecf3da404fa"

"@types/mime@*":
  version "1.3.1"
  resolved "https://registry.yarnpkg.com/@types/mime/-/mime-1.3.1.tgz#2cf42972d0931c1060c7d5fa6627fce6bd876f2f"

"@types/node@*":
  version "8.0.14"
  resolved "https://registry.yarnpkg.com/@types/node/-/node-8.0.14.tgz#4a19dc6bb61d16c01cbadc7b30ac23518fff176b"

"@types/serve-static@*":
  version "1.7.31"
  resolved "https://registry.yarnpkg.com/@types/serve-static/-/serve-static-1.7.31.tgz#15456de8d98d6b4cff31be6c6af7492ae63f521a"
  dependencies:
    "@types/express-serve-static-core" "*"
    "@types/mime" "*"

apollo-server-core@^1.0.2:
  version "1.0.2"
  resolved "https://registry.yarnpkg.com/apollo-server-core/-/apollo-server-core-1.0.2.tgz#6860a6b5680c42c8727153c524eefc84fb91e500"
  optionalDependencies:
    "@types/graphql" "^0.9.0"

apollo-server-express@^1.0.2:
  version "1.0.2"
  resolved "https://registry.yarnpkg.com/apollo-server-express/-/apollo-server-express-1.0.2.tgz#99a85d9145453bd6980239f8ab21aa1255698b2a"
  dependencies:
    apollo-server-core "^1.0.2"
    apollo-server-module-graphiql "^1.0.2"
  optionalDependencies:
    "@types/express" "^4.0.35"
    "@types/graphql" "^0.9.1"

apollo-server-module-graphiql@^1.0.2:
  version "1.0.2"
  resolved "https://registry.yarnpkg.com/apollo-server-module-graphiql/-/apollo-server-module-graphiql-1.0.2.tgz#cf5746821a96415a36cb418239bb66c7c5d0ff32"

body-parser@^1.17.2:
  version "1.17.2"
  resolved "https://registry.yarnpkg.com/body-parser/-/body-parser-1.17.2.tgz#f8892abc8f9e627d42aedafbca66bf5ab99104ee"
  dependencies:
    bytes "2.4.0"
    content-type "~1.0.2"
    debug "2.6.7"
    depd "~1.1.0"
    http-errors "~1.6.1"
    iconv-lite "0.4.15"
    on-finished "~2.3.0"
    qs "6.4.0"
    raw-body "~2.2.0"
    type-is "~1.6.15"

bytes@2.4.0:
  version "2.4.0"
  resolved "https://registry.yarnpkg.com/bytes/-/bytes-2.4.0.tgz#7d97196f9d5baf7f6935e25985549edd2a6c2339"

content-type@~1.0.2:
  version "1.0.2"
  resolved "https://registry.yarnpkg.com/content-type/-/content-type-1.0.2.tgz#b7d113aee7a8dd27bd21133c4dc2529df1721eed"

debug@2.6.7:
  version "2.6.7"
  resolved "https://registry.yarnpkg.com/debug/-/debug-2.6.7.tgz#92bad1f6d05bbb6bba22cca88bcd0ec894c2861e"
  dependencies:
    ms "2.0.0"

depd@1.1.0, depd@~1.1.0:
  version "1.1.0"
  resolved "https://registry.yarnpkg.com/depd/-/depd-1.1.0.tgz#e1bd82c6aab6ced965b97b88b17ed3e528ca18c3"

deprecated-decorator@^0.1.6:
  version "0.1.6"
  resolved "https://registry.yarnpkg.com/deprecated-decorator/-/deprecated-decorator-0.1.6.tgz#00966317b7a12fe92f3cc831f7583af329b86c37"

ee-first@1.1.1:
  version "1.1.1"
  resolved "https://registry.yarnpkg.com/ee-first/-/ee-first-1.1.1.tgz#590c61156b0ae2f4f0255732a158b266bc56b21d"

graphql-server-express@^1.0.2:
  version "1.0.2"
  resolved "https://registry.yarnpkg.com/graphql-server-express/-/graphql-server-express-1.0.2.tgz#6c18ac6f9997ad121018de306286a3d712ae6726"
  dependencies:
    apollo-server-express "^1.0.2"

graphql-tools@^1.1.0:
  version "1.1.0"
  resolved "https://registry.yarnpkg.com/graphql-tools/-/graphql-tools-1.1.0.tgz#8d86ea6997b0dea3089b62dc655e47146a663ebb"
  dependencies:
    deprecated-decorator "^0.1.6"
    lodash "^4.3.0"
    uuid "^3.0.1"
  optionalDependencies:
    "@types/graphql" "^0.9.0"

graphql@^0.10.5:
  version "0.10.5"
  resolved "https://registry.yarnpkg.com/graphql/-/graphql-0.10.5.tgz#c9be17ca2bdfdbd134077ffd9bbaa48b8becd298"
  dependencies:
    iterall "^1.1.0"

http-errors@~1.6.1:
  version "1.6.1"
  resolved "https://registry.yarnpkg.com/http-errors/-/http-errors-1.6.1.tgz#5f8b8ed98aca545656bf572997387f904a722257"
  dependencies:
    depd "1.1.0"
    inherits "2.0.3"
    setprototypeof "1.0.3"
    statuses ">= 1.3.1 < 2"

iconv-lite@0.4.15:
  version "0.4.15"
  resolved "https://registry.yarnpkg.com/iconv-lite/-/iconv-lite-0.4.15.tgz#fe265a218ac6a57cfe854927e9d04c19825eddeb"

inherits@2.0.3:
  version "2.0.3"
  resolved "https://registry.yarnpkg.com/inherits/-/inherits-2.0.3.tgz#633c2c83e3da42a502f52466022480f4208261de"

iterall@^1.1.0:
  version "1.1.1"
  resolved "https://registry.yarnpkg.com/iterall/-/iterall-1.1.1.tgz#f7f0af11e9a04ec6426260f5019d9fcca4d50214"

lodash@^4.3.0:
  version "4.17.4"
  resolved "https://registry.yarnpkg.com/lodash/-/lodash-4.17.4.tgz#78203a4d1c328ae1d86dca6460e369b57f4055ae"

media-typer@0.3.0:
  version "0.3.0"
  resolved "https://registry.yarnpkg.com/media-typer/-/media-typer-0.3.0.tgz#8710d7af0aa626f8fffa1ce00168545263255748"

mime-db@~1.27.0:
  version "1.27.0"
  resolved "https://registry.yarnpkg.com/mime-db/-/mime-db-1.27.0.tgz#820f572296bbd20ec25ed55e5b5de869e5436eb1"

mime-types@~2.1.15:
  version "2.1.15"
  resolved "https://registry.yarnpkg.com/mime-types/-/mime-types-2.1.15.tgz#a4ebf5064094569237b8cf70046776d09fc92aed"
  dependencies:
    mime-db "~1.27.0"

ms@2.0.0:
  version "2.0.0"
  resolved "https://registry.yarnpkg.com/ms/-/ms-2.0.0.tgz#5608aeadfc00be6c2901df5f9861788de0d597c8"

on-finished@~2.3.0:
  version "2.3.0"
  resolved "https://registry.yarnpkg.com/on-finished/-/on-finished-2.3.0.tgz#20f1336481b083cd75337992a16971aa2d906947"
  dependencies:
    ee-first "1.1.1"

qs@6.4.0:
  version "6.4.0"
  resolved "https://registry.yarnpkg.com/qs/-/qs-6.4.0.tgz#13e26d28ad6b0ffaa91312cd3bf708ed351e7233"

raw-body@~2.2.0:
  version "2.2.0"
  resolved "https://registry.yarnpkg.com/raw-body/-/raw-body-2.2.0.tgz#994976cf6a5096a41162840492f0bdc5d6e7fb96"
  dependencies:
    bytes "2.4.0"
    iconv-lite "0.4.15"
    unpipe "1.0.0"

setprototypeof@1.0.3:
  version "1.0.3"
  resolved "https://registry.yarnpkg.com/setprototypeof/-/setprototypeof-1.0.3.tgz#66567e37043eeb4f04d91bd658c0cbefb55b8e04"

"statuses@>= 1.3.1 < 2":
  version "1.3.1"
  resolved "https://registry.yarnpkg.com/statuses/-/statuses-1.3.1.tgz#faf51b9eb74aaef3b3acf4ad5f61abf24cb7b93e"

type-is@~1.6.15:
  version "1.6.15"
  resolved "https://registry.yarnpkg.com/type-is/-/type-is-1.6.15.tgz#cab10fb4909e441c82842eafe1ad646c81804410"
  dependencies:
    media-typer "0.3.0"
    mime-types "~2.1.15"

unpipe@1.0.0:
  version "1.0.0"
  resolved "https://registry.yarnpkg.com/unpipe/-/unpipe-1.0.0.tgz#b2bf4ee8514aae6165b4817829d21b2ef49904ec"

uuid@^3.0.1:
  version "3.1.0"
  resolved "https://registry.yarnpkg.com/uuid/-/uuid-3.1.0.tgz#3dd3d3e790abc24d7b0d3a034ffababe28ebbc04"
